
Microsoft Visual Studio Solution File, Format Version 12.00
# Visual Studio Version 16
VisualStudioVersion = 16.0.29609.76
MinimumVisualStudioVersion = 10.0.40219.1
Project("{FAE04EC0-301F-11D3-BF4B-00C04F79EFBC}") = "DutchTreat", "DutchTreat.csproj", "{11958D60-D2A4-46F7-B6FA-D9E3F8083430}"
EndProject
Global
	GlobalSection(SolutionConfigurationPlatforms) = preSolution
		Debug|Any CPU = Debug|Any CPU
		Release|Any CPU = Release|Any CPU
	EndGlobalSection
	GlobalSection(ProjectConfigurationPlatforms) = postSolution
		{11958D60-D2A4-46F7-B6FA-D9E3F8083430}.Debug|Any CPU.ActiveCfg = Debug|Any CPU
		{11958D60-D2A4-46F7-B6FA-D9E3F8083430}.Debug|Any CPU.Build.0 = Debug|Any CPU
		{11958D60-D2A4-46F7-B6FA-D9E3F8083430}.Release|Any CPU.ActiveCfg = Release|Any CPU
		{11958D60-D2A4-46F7-B6FA-D9E3F8083430}.Release|Any CPU.Build.0 = Release|Any CPU
	EndGlobalSection
	GlobalSection(SolutionProperties) = preSolution
		HideSolutionNode = FALSE
	EndGlobalSection
	GlobalSection(ExtensibilityGlobals) = postSolution
		SolutionGuid = {B9DC2874-B3DC-4D65-A598-9A6882CA5A2B}
	EndGlobalSection
EndGlobal
